
Microsoft Visual Studio Solution File, Format Version 12.00
# Visual Studio Version 17
VisualStudioVersion = 17.14.36915.13 d17.14
MinimumVisualStudioVersion = 10.0.40219.1
Project("{8BC9CEB8-8B4A-11D0-8D11-00A0C91BC942}") = "HorseRacing", "HorseRacing\HorseRacing.vcxproj", "{7481EFAF-48B4-446A-A9B1-47B6997D1356}"
	ProjectSection(ProjectDependencies) = postProject
		{896DD0E4-2D13-4042-96BE-D4B57A1F100B} = {896DD0E4-2D13-4042-96BE-D4B57A1F100B}
	EndProjectSection
EndProject
Project("{8BC9CEB8-8B4A-11D0-8D11-00A0C91BC942}") = "Engine", "Engine\Engine.vcxproj", "{896DD0E4-2D13-4042-96BE-D4B57A1F100B}"
EndProject
Global
	GlobalSection(SolutionConfigurationPlatforms) = preSolution
		Debug|x64 = Debug|x64
		Debug|x86 = Debug|x86
		Release|x64 = Release|x64
		Release|x86 = Release|x86
	EndGlobalSection
	GlobalSection(ProjectConfigurationPlatforms) = postSolution
		{7481EFAF-48B4-446A-A9B1-47B6997D1356}.Debug|x64.ActiveCfg = Debug|x64
		{7481EFAF-48B4-446A-A9B1-47B6997D1356}.Debug|x64.Build.0 = Debug|x64
		{7481EFAF-48B4-446A-A9B1-47B6997D1356}.Debug|x86.ActiveCfg = Debug|Win32
		{7481EFAF-48B4-446A-A9B1-47B6997D1356}.Debug|x86.Build.0 = Debug|Win32
		{7481EFAF-48B4-446A-A9B1-47B6997D1356}.Release|x64.ActiveCfg = Release|x64
		{7481EFAF-48B4-446A-A9B1-47B6997D1356}.Release|x64.Build.0 = Release|x64
		{7481EFAF-48B4-446A-A9B1-47B6997D1356}.Release|x86.ActiveCfg = Release|Win32
		{7481EFAF-48B4-446A-A9B1-47B6997D1356}.Release|x86.Build.0 = Release|Win32
		{896DD0E4-2D13-4042-96BE-D4B57A1F100B}.Debug|x64.ActiveCfg = Debug|x64
		{896DD0E4-2D13-4042-96BE-D4B57A1F100B}.Debug|x64.Build.0 = Debug|x64
		{896DD0E4-2D13-4042-96BE-D4B57A1F100B}.Debug|x86.ActiveCfg = Debug|x64
		{896DD0E4-2D13-4042-96BE-D4B57A1F100B}.Debug|x86.Build.0 = Debug|x64
		{896DD0E4-2D13-4042-96BE-D4B57A1F100B}.Release|x64.ActiveCfg = Release|x64
		{896DD0E4-2D13-4042-96BE-D4B57A1F100B}.Release|x64.Build.0 = Release|x64
		{896DD0E4-2D13-4042-96BE-D4B57A1F100B}.Release|x86.ActiveCfg = Release|x64
		{896DD0E4-2D13-4042-96BE-D4B57A1F100B}.Release|x86.Build.0 = Release|x64
	EndGlobalSection
	GlobalSection(SolutionProperties) = preSolution
		HideSolutionNode = FALSE
	EndGlobalSection
	GlobalSection(ExtensibilityGlobals) = postSolution
		SolutionGuid = {0ED5AEA5-603D-4721-B5D3-A9B159ECBF41}
	EndGlobalSection
EndGlobal
